
Microsoft Visual Studio Solution File, Format Version 12.00
# Visual Studio 15
VisualStudioVersion = 15.0.26430.4
MinimumVisualStudioVersion = 10.0.40219.1
Project("{FAE04EC0-301F-11D3-BF4B-00C04F79EFBC}") = "Rogero.ReactiveProperty.Tests", "Rogero.ReactiveProperty.Tests\Rogero.ReactiveProperty.Tests.csproj", "{1D77B9FE-C34F-4B84-A33F-758D8C92F2C0}"
EndProject
Project("{FAE04EC0-301F-11D3-BF4B-00C04F79EFBC}") = "Rogero.ReactiveProperty", "Rogero.ReactiveProperty\Rogero.ReactiveProperty.csproj", "{37B4C5FF-7EEF-4580-B9B9-3161880BDD90}"
EndProject
Project("{FAE04EC0-301F-11D3-BF4B-00C04F79EFBC}") = "Rogero.ReactiveProperty.Netstandard", "Rogero.ReactiveProperty.Netstandard\Rogero.ReactiveProperty.Netstandard.csproj", "{275D05C9-8B1E-49D7-8E52-E4E2588299D0}"
EndProject
Global
	GlobalSection(SolutionConfigurationPlatforms) = preSolution
		Debug|Any CPU = Debug|Any CPU
		Release|Any CPU = Release|Any CPU
	EndGlobalSection
	GlobalSection(ProjectConfigurationPlatforms) = postSolution
		{1D77B9FE-C34F-4B84-A33F-758D8C92F2C0}.Debug|Any CPU.ActiveCfg = Debug|Any CPU
		{1D77B9FE-C34F-4B84-A33F-758D8C92F2C0}.Debug|Any CPU.Build.0 = Debug|Any CPU
		{1D77B9FE-C34F-4B84-A33F-758D8C92F2C0}.Release|Any CPU.ActiveCfg = Release|Any CPU
		{1D77B9FE-C34F-4B84-A33F-758D8C92F2C0}.Release|Any CPU.Build.0 = Release|Any CPU
		{37B4C5FF-7EEF-4580-B9B9-3161880BDD90}.Debug|Any CPU.ActiveCfg = Debug|Any CPU
		{37B4C5FF-7EEF-4580-B9B9-3161880BDD90}.Debug|Any CPU.Build.0 = Debug|Any CPU
		{37B4C5FF-7EEF-4580-B9B9-3161880BDD90}.Release|Any CPU.ActiveCfg = Release|Any CPU
		{37B4C5FF-7EEF-4580-B9B9-3161880BDD90}.Release|Any CPU.Build.0 = Release|Any CPU
		{275D05C9-8B1E-49D7-8E52-E4E2588299D0}.Debug|Any CPU.ActiveCfg = Debug|Any CPU
		{275D05C9-8B1E-49D7-8E52-E4E2588299D0}.Debug|Any CPU.Build.0 = Debug|Any CPU
		{275D05C9-8B1E-49D7-8E52-E4E2588299D0}.Release|Any CPU.ActiveCfg = Release|Any CPU
		{275D05C9-8B1E-49D7-8E52-E4E2588299D0}.Release|Any CPU.Build.0 = Release|Any CPU
	EndGlobalSection
	GlobalSection(SolutionProperties) = preSolution
		HideSolutionNode = FALSE
	EndGlobalSection
EndGlobal
